
Microsoft Visual Studio Solution File, Format Version 12.00
# Visual Studio Version 17
VisualStudioVersion = 17.0.31903.59
MinimumVisualStudioVersion = 10.0.40219.1
Project("{FAE04EC0-301F-11D3-BF4B-00C04F79EFBC}") = "HamzaBreakfast.Contracts", "HamzaBreakfast.Contracts\HamzaBreakfast.Contracts.csproj", "{01B5299B-3289-4293-9334-4D5CFFE6D9C0}"
EndProject
Project("{FAE04EC0-301F-11D3-BF4B-00C04F79EFBC}") = "HamzaBreakfast", "HamzaBreakfast\HamzaBreakfast.csproj", "{B296BB20-BB17-4B0A-A0EE-7C1032FD4180}"
EndProject
Global
	GlobalSection(SolutionConfigurationPlatforms) = preSolution
		Debug|Any CPU = Debug|Any CPU
		Release|Any CPU = Release|Any CPU
	EndGlobalSection
	GlobalSection(SolutionProperties) = preSolution
		HideSolutionNode = FALSE
	EndGlobalSection
	GlobalSection(ProjectConfigurationPlatforms) = postSolution
		{01B5299B-3289-4293-9334-4D5CFFE6D9C0}.Debug|Any CPU.ActiveCfg = Debug|Any CPU
		{01B5299B-3289-4293-9334-4D5CFFE6D9C0}.Debug|Any CPU.Build.0 = Debug|Any CPU
		{01B5299B-3289-4293-9334-4D5CFFE6D9C0}.Release|Any CPU.ActiveCfg = Release|Any CPU
		{01B5299B-3289-4293-9334-4D5CFFE6D9C0}.Release|Any CPU.Build.0 = Release|Any CPU
		{B296BB20-BB17-4B0A-A0EE-7C1032FD4180}.Debug|Any CPU.ActiveCfg = Debug|Any CPU
		{B296BB20-BB17-4B0A-A0EE-7C1032FD4180}.Debug|Any CPU.Build.0 = Debug|Any CPU
		{B296BB20-BB17-4B0A-A0EE-7C1032FD4180}.Release|Any CPU.ActiveCfg = Release|Any CPU
		{B296BB20-BB17-4B0A-A0EE-7C1032FD4180}.Release|Any CPU.Build.0 = Release|Any CPU
	EndGlobalSection
EndGlobal
